
Microsoft Visual Studio Solution File, Format Version 12.00
# Visual Studio Version 17
VisualStudioVersion = 17.6.33815.320
MinimumVisualStudioVersion = 10.0.40219.1
Project("{FAE04EC0-301F-11D3-BF4B-00C04F79EFBC}") = "ReadingWritingAsynchronously", "ReadingWritingAsynchronously\ReadingWritingAsynchronously.csproj", "{2DB54C4A-8B0C-457C-966D-923EBF66759A}"
EndProject
Global
	GlobalSection(SolutionConfigurationPlatforms) = preSolution
		Debug|Any CPU = Debug|Any CPU
		Release|Any CPU = Release|Any CPU
	EndGlobalSection
	GlobalSection(ProjectConfigurationPlatforms) = postSolution
		{2DB54C4A-8B0C-457C-966D-923EBF66759A}.Debug|Any CPU.ActiveCfg = Debug|Any CPU
		{2DB54C4A-8B0C-457C-966D-923EBF66759A}.Debug|Any CPU.Build.0 = Debug|Any CPU
		{2DB54C4A-8B0C-457C-966D-923EBF66759A}.Release|Any CPU.ActiveCfg = Release|Any CPU
		{2DB54C4A-8B0C-457C-966D-923EBF66759A}.Release|Any CPU.Build.0 = Release|Any CPU
	EndGlobalSection
	GlobalSection(SolutionProperties) = preSolution
		HideSolutionNode = FALSE
	EndGlobalSection
	GlobalSection(ExtensibilityGlobals) = postSolution
		SolutionGuid = {7CC64795-22EB-43AC-ABB1-C92F0DC2155F}
	EndGlobalSection
EndGlobal
